
Microsoft Visual Studio Solution File, Format Version 12.00
# Visual Studio Version 16
VisualStudioVersion = 16.0.33328.57
MinimumVisualStudioVersion = 10.0.40219.1
Project("{FAE04EC0-301F-11D3-BF4B-00C04F79EFBC}") = "bmpParser", "bmpParser.csproj", "{0284F673-51BF-4ACF-86E1-3DFFE648802F}"
EndProject
Global
	GlobalSection(SolutionConfigurationPlatforms) = preSolution
		Debug|Any CPU = Debug|Any CPU
		Release|Any CPU = Release|Any CPU
	EndGlobalSection
	GlobalSection(ProjectConfigurationPlatforms) = postSolution
		{0284F673-51BF-4ACF-86E1-3DFFE648802F}.Debug|Any CPU.ActiveCfg = Debug|Any CPU
		{0284F673-51BF-4ACF-86E1-3DFFE648802F}.Debug|Any CPU.Build.0 = Debug|Any CPU
		{0284F673-51BF-4ACF-86E1-3DFFE648802F}.Release|Any CPU.ActiveCfg = Release|Any CPU
		{0284F673-51BF-4ACF-86E1-3DFFE648802F}.Release|Any CPU.Build.0 = Release|Any CPU
	EndGlobalSection
	GlobalSection(SolutionProperties) = preSolution
		HideSolutionNode = FALSE
	EndGlobalSection
	GlobalSection(ExtensibilityGlobals) = postSolution
		SolutionGuid = {FB846139-9032-4DB1-8843-EC4B17C32C57}
	EndGlobalSection
EndGlobal
